// !$*UTF8*$!
{
	archiveVersion = 1;
	classes = {
	};
	objectVersion = 56;
	objects = {

/* Begin PBXBuildFile section */
		F2BD0E7E2B4BED9E0011D17E /* AppleStatusBarApp.swift in Sources */ = {isa = PBXBuildFile; fileRef = F2BD0E7D2B4BED9E0011D17E /* AppleStatusBarApp.swift */; };
		F2BD0E802B4BED9E0011D17E /* ContentView.swift in Sources */ = {isa = PBXBuildFile; fileRef = F2BD0E7F2B4BED9E0011D17E /* ContentView.swift */; };
		F2BD0E822B4BED9F0011D17E /* Assets.xcassets in Resources */ = {isa = PBXBuildFile; fileRef = F2BD0E812B4BED9F0011D17E /* Assets.xcassets */; };
		F2BD0E852B4BED9F0011D17E /* Preview Assets.xcassets in Resources */ = {isa = PBXBuildFile; fileRef = F2BD0E842B4BED9F0011D17E /* Preview Assets.xcassets */; };
		F2BD0E902B4BED9F0011D17E /* AppleStatusBarTests.swift in Sources */ = {isa = PBXBuildFile; fileRef = F2BD0E8F2B4BED9F0011D17E /* AppleStatusBarTests.swift */; };
		F2BD0E9A2B4BED9F0011D17E /* AppleStatusBarUITests.swift in Sources */ = {isa = PBXBuildFile; fileRef = F2BD0E992B4BED9F0011D17E /* AppleStatusBarUITests.swift */; };
		F2BD0E9C2B4BED9F0011D17E /* AppleStatusBarUITestsLaunchTests.swift in Sources */ = {isa = PBXBuildFile; fileRef = F2BD0E9B2B4BED9F0011D17E /* AppleStatusBarUITestsLaunchTests.swift */; };
		F2BD0EA92B4BF7ED0011D17E /* AppleStatus.swift in Sources */ = {isa = PBXBuildFile; fileRef = F2BD0EA82B4BF7ED0011D17E /* AppleStatus.swift */; };
		F2BD0EAB2B4C3BFA0011D17E /* AppleStatusBarViewModel.swift in Sources */ = {isa = PBXBuildFile; fileRef = F2BD0EAA2B4C3BFA0011D17E /* AppleStatusBarViewModel.swift */; };
/* End PBXBuildFile section */

/* Begin PBXContainerItemProxy section */
		F2BD0E8C2B4BED9F0011D17E /* PBXContainerItemProxy */ = {
			isa = PBXContainerItemProxy;
			containerPortal = F2BD0E722B4BED9E0011D17E /* Project object */;
			proxyType = 1;
			remoteGlobalIDString = F2BD0E792B4BED9E0011D17E;
			remoteInfo = AppleStatusBar;
		};
		F2BD0E962B4BED9F0011D17E /* PBXContainerItemProxy */ = {
			isa = PBXContainerItemProxy;
			containerPortal = F2BD0E722B4BED9E0011D17E /* Project object */;
			proxyType = 1;
			remoteGlobalIDString = F2BD0E792B4BED9E0011D17E;
			remoteInfo = AppleStatusBar;
		};
/* End PBXContainerItemProxy section */

/* Begin PBXFileReference section */
		F2BD0E7A2B4BED9E0011D17E /* AppleStatusBar.app */ = {isa = PBXFileReference; explicitFileType = wrapper.application; includeInIndex = 0; path = AppleStatusBar.app; sourceTree = BUILT_PRODUCTS_DIR; };
		F2BD0E7D2B4BED9E0011D17E /* AppleStatusBarApp.swift */ = {isa = PBXFileReference; lastKnownFileType = sourcecode.swift; path = AppleStatusBarApp.swift; sourceTree = "<group>"; };
		F2BD0E7F2B4BED9E0011D17E /* ContentView.swift */ = {isa = PBXFileReference; lastKnownFileType = sourcecode.swift; path = ContentView.swift; sourceTree = "<group>"; };
		F2BD0E812B4BED9F0011D17E /* Assets.xcassets */ = {isa = PBXFileReference; lastKnownFileType = folder.assetcatalog; path = Assets.xcassets; sourceTree = "<group>"; };
		F2BD0E842B4BED9F0011D17E /* Preview Assets.xcassets */ = {isa = PBXFileReference; lastKnownFileType = folder.assetcatalog; path = "Preview Assets.xcassets"; sourceTree = "<group>"; };
		F2BD0E862B4BED9F0011D17E /* AppleStatusBar.entitlements */ = {isa = PBXFileReference; lastKnownFileType = text.plist.entitlements; path = AppleStatusBar.entitlements; sourceTree = "<group>"; };
		F2BD0E8B2B4BED9F0011D17E /* AppleStatusBarTests.xctest */ = {isa = PBXFileReference; explicitFileType = wrapper.cfbundle; includeInIndex = 0; path = AppleStatusBarTests.xctest; sourceTree = BUILT_PRODUCTS_DIR; };
		F2BD0E8F2B4BED9F0011D17E /* AppleStatusBarTests.swift */ = {isa = PBXFileReference; lastKnownFileType = sourcecode.swift; path = AppleStatusBarTests.swift; sourceTree = "<group>"; };
		F2BD0E952B4BED9F0011D17E /* AppleStatusBarUITests.xctest */ = {isa = PBXFileReference; explicitFileType = wrapper.cfbundle; includeInIndex = 0; path = AppleStatusBarUITests.xctest; sourceTree = BUILT_PRODUCTS_DIR; };
		F2BD0E992B4BED9F0011D17E /* AppleStatusBarUITests.swift */ = {isa = PBXFileReference; lastKnownFileType = sourcecode.swift; path = AppleStatusBarUITests.swift; sourceTree = "<group>"; };
		F2BD0E9B2B4BED9F0011D17E /* AppleStatusBarUITestsLaunchTests.swift */ = {isa = PBXFileReference; lastKnownFileType = sourcecode.swift; path = AppleStatusBarUITestsLaunchTests.swift; sourceTree = "<group>"; };
		F2BD0EA82B4BF7ED0011D17E /* AppleStatus.swift */ = {isa = PBXFileReference; lastKnownFileType = sourcecode.swift; path = AppleStatus.swift; sourceTree = "<group>"; };
		F2BD0EAA2B4C3BFA0011D17E /* AppleStatusBarViewModel.swift */ = {isa = PBXFileReference; lastKnownFileType = sourcecode.swift; path = AppleStatusBarViewModel.swift; sourceTree = "<group>"; };
/* End PBXFileReference section */

/* Begin PBXFrameworksBuildPhase section */
		F2BD0E772B4BED9E0011D17E /* Frameworks */ = {
			isa = PBXFrameworksBuildPhase;
			buildActionMask = 2147483647;
			files = (
			);
			runOnlyForDeploymentPostprocessing = 0;
		};
		F2BD0E882B4BED9F0011D17E /* Frameworks */ = {
			isa = PBXFrameworksBuildPhase;
			buildActionMask = 2147483647;
			files = (
			);
			runOnlyForDeploymentPostprocessing = 0;
		};
		F2BD0E922B4BED9F0011D17E /* Frameworks */ = {
			isa = PBXFrameworksBuildPhase;
			buildActionMask = 2147483647;
			files = (
			);
			runOnlyForDeploymentPostprocessing = 0;
		};
/* End PBXFrameworksBuildPhase section */

/* Begin PBXGroup section */
		F2BD0E712B4BED9E0011D17E = {
			isa = PBXGroup;
			children = (
				F2BD0E7C2B4BED9E0011D17E /* AppleStatusBar */,
				F2BD0E8E2B4BED9F0011D17E /* AppleStatusBarTests */,
				F2BD0E982B4BED9F0011D17E /* AppleStatusBarUITests */,
				F2BD0E7B2B4BED9E0011D17E /* Products */,
			);
			sourceTree = "<group>";
		};
		F2BD0E7B2B4BED9E0011D17E /* Products */ = {
			isa = PBXGroup;
			children = (
				F2BD0E7A2B4BED9E0011D17E /* AppleStatusBar.app */,
				F2BD0E8B2B4BED9F0011D17E /* AppleStatusBarTests.xctest */,
				F2BD0E952B4BED9F0011D17E /* AppleStatusBarUITests.xctest */,
			);
			name = Products;
			sourceTree = "<group>";
		};
		F2BD0E7C2B4BED9E0011D17E /* AppleStatusBar */ = {
			isa = PBXGroup;
			children = (
				F2BD0E7D2B4BED9E0011D17E /* AppleStatusBarApp.swift */,
				F2BD0E7F2B4BED9E0011D17E /* ContentView.swift */,
				F2BD0EA82B4BF7ED0011D17E /* AppleStatus.swift */,
				F2BD0EAA2B4C3BFA0011D17E /* AppleStatusBarViewModel.swift */,
				F2BD0E812B4BED9F0011D17E /* Assets.xcassets */,
				F2BD0E862B4BED9F0011D17E /* AppleStatusBar.entitlements */,
				F2BD0E832B4BED9F0011D17E /* Preview Content */,
			);
			path = AppleStatusBar;
			sourceTree = "<group>";
		};
		F2BD0E832B4BED9F0011D17E /* Preview Content */ = {
			isa = PBXGroup;
			children = (
				F2BD0E842B4BED9F0011D17E /* Preview Assets.xcassets */,
			);
			path = "Preview Content";
			sourceTree = "<group>";
		};
		F2BD0E8E2B4BED9F0011D17E /* AppleStatusBarTests */ = {
			isa = PBXGroup;
			children = (
				F2BD0E8F2B4BED9F0011D17E /* AppleStatusBarTests.swift */,
			);
			path = AppleStatusBarTests;
			sourceTree = "<group>";
		};
		F2BD0E982B4BED9F0011D17E /* AppleStatusBarUITests */ = {
			isa = PBXGroup;
			children = (
				F2BD0E992B4BED9F0011D17E /* AppleStatusBarUITests.swift */,
				F2BD0E9B2B4BED9F0011D17E /* AppleStatusBarUITestsLaunchTests.swift */,
			);
			path = AppleStatusBarUITests;
			sourceTree = "<group>";
		};
/* End PBXGroup section */

/* Begin PBXNativeTarget section */
		F2BD0E792B4BED9E0011D17E /* AppleStatusBar */ = {
			isa = PBXNativeTarget;
			buildConfigurationList = F2BD0E9F2B4BED9F0011D17E /* Build configuration list for PBXNativeTarget "AppleStatusBar" */;
			buildPhases = (
				F2BD0E762B4BED9E0011D17E /* Sources */,
				F2BD0E772B4BED9E0011D17E /* Frameworks */,
				F2BD0E782B4BED9E0011D17E /* Resources */,
			);
			buildRules = (
			);
			dependencies = (
			);
			name = AppleStatusBar;
			productName = AppleStatusBar;
			productReference = F2BD0E7A2B4BED9E0011D17E /* AppleStatusBar.app */;
			productType = "com.apple.product-type.application";
		};
		F2BD0E8A2B4BED9F0011D17E /* AppleStatusBarTests */ = {
			isa = PBXNativeTarget;
			buildConfigurationList = F2BD0EA22B4BED9F0011D17E /* Build configuration list for PBXNativeTarget "AppleStatusBarTests" */;
			buildPhases = (
				F2BD0E872B4BED9F0011D17E /* Sources */,
				F2BD0E882B4BED9F0011D17E /* Frameworks */,
				F2BD0E892B4BED9F0011D17E /* Resources */,
			);
			buildRules = (
			);
			dependencies = (
				F2BD0E8D2B4BED9F0011D17E /* PBXTargetDependency */,
			);
			name = AppleStatusBarTests;
			productName = AppleStatusBarTests;
			productReference = F2BD0E8B2B4BED9F0011D17E /* AppleStatusBarTests.xctest */;
			productType = "com.apple.product-type.bundle.unit-test";
		};
		F2BD0E942B4BED9F0011D17E /* AppleStatusBarUITests */ = {
			isa = PBXNativeTarget;
			buildConfigurationList = F2BD0EA52B4BED9F0011D17E /* Build configuration list for PBXNativeTarget "AppleStatusBarUITests" */;
			buildPhases = (
				F2BD0E912B4BED9F0011D17E /* Sources */,
				F2BD0E922B4BED9F0011D17E /* Frameworks */,
				F2BD0E932B4BED9F0011D17E /* Resources */,
			);
			buildRules = (
			);
			dependencies = (
				F2BD0E972B4BED9F0011D17E /* PBXTargetDependency */,
			);
			name = AppleStatusBarUITests;
			productName = AppleStatusBarUITests;
			productReference = F2BD0E952B4BED9F0011D17E /* AppleStatusBarUITests.xctest */;
			productType = "com.apple.product-type.bundle.ui-testing";
		};
/* End PBXNativeTarget section */

/* Begin PBXProject section */
		F2BD0E722B4BED9E0011D17E /* Project object */ = {
			isa = PBXProject;
			attributes = {
				BuildIndependentTargetsInParallel = 1;
				LastSwiftUpdateCheck = 1510;
				LastUpgradeCheck = 1510;
				TargetAttributes = {
					F2BD0E792B4BED9E0011D17E = {
						CreatedOnToolsVersion = 15.1;
					};
					F2BD0E8A2B4BED9F0011D17E = {
						CreatedOnToolsVersion = 15.1;
						TestTargetID = F2BD0E792B4BED9E0011D17E;
					};
					F2BD0E942B4BED9F0011D17E = {
						CreatedOnToolsVersion = 15.1;
						TestTargetID = F2BD0E792B4BED9E0011D17E;
					};
				};
			};
			buildConfigurationList = F2BD0E752B4BED9E0011D17E /* Build configuration list for PBXProject "AppleStatusBar" */;
			compatibilityVersion = "Xcode 14.0";
			developmentRegion = en;
			hasScannedForEncodings = 0;
			knownRegions = (
				en,
				Base,
			);
			mainGroup = F2BD0E712B4BED9E0011D17E;
			productRefGroup = F2BD0E7B2B4BED9E0011D17E /* Products */;
			projectDirPath = "";
			projectRoot = "";
			targets = (
				F2BD0E792B4BED9E0011D17E /* AppleStatusBar */,
				F2BD0E8A2B4BED9F0011D17E /* AppleStatusBarTests */,
				F2BD0E942B4BED9F0011D17E /* AppleStatusBarUITests */,
			);
		};
/* End PBXProject section */

/* Begin PBXResourcesBuildPhase section */
		F2BD0E782B4BED9E0011D17E /* Resources */ = {
			isa = PBXResourcesBuildPhase;
			buildActionMask = 2147483647;
			files = (
				F2BD0E852B4BED9F0011D17E /* Preview Assets.xcassets in Resources */,
				F2BD0E822B4BED9F0011D17E /* Assets.xcassets in Resources */,
			);
			runOnlyForDeploymentPostprocessing = 0;
		};
		F2BD0E892B4BED9F0011D17E /* Resources */ = {
			isa = PBXResourcesBuildPhase;
			buildActionMask = 2147483647;
			files = (
			);
			runOnlyForDeploymentPostprocessing = 0;
		};
		F2BD0E932B4BED9F0011D17E /* Resources */ = {
			isa = PBXResourcesBuildPhase;
			buildActionMask = 2147483647;
			files = (
			);
			runOnlyForDeploymentPostprocessing = 0;
		};
/* End PBXResourcesBuildPhase section */

/* Begin PBXSourcesBuildPhase section */
		F2BD0E762B4BED9E0011D17E /* Sources */ = {
			isa = PBXSourcesBuildPhase;
			buildActionMask = 2147483647;
			files = (
				F2BD0EA92B4BF7ED0011D17E /* AppleStatus.swift in Sources */,
				F2BD0E802B4BED9E0011D17E /* ContentView.swift in Sources */,
				F2BD0E7E2B4BED9E0011D17E /* AppleStatusBarApp.swift in Sources */,
				F2BD0EAB2B4C3BFA0011D17E /* AppleStatusBarViewModel.swift in Sources */,
			);
			runOnlyForDeploymentPostprocessing = 0;
		};
		F2BD0E872B4BED9F0011D17E /* Sources */ = {
			isa = PBXSourcesBuildPhase;
			buildActionMask = 2147483647;
			files = (
				F2BD0E902B4BED9F0011D17E /* AppleStatusBarTests.swift in Sources */,
			);
			runOnlyForDeploymentPostprocessing = 0;
		};
		F2BD0E912B4BED9F0011D17E /* Sources */ = {
			isa = PBXSourcesBuildPhase;
			buildActionMask = 2147483647;
			files = (
				F2BD0E9A2B4BED9F0011D17E /* AppleStatusBarUITests.swift in Sources */,
				F2BD0E9C2B4BED9F0011D17E /* AppleStatusBarUITestsLaunchTests.swift in Sources */,
			);
			runOnlyForDeploymentPostprocessing = 0;
		};
/* End PBXSourcesBuildPhase section */

/* Begin PBXTargetDependency section */
		F2BD0E8D2B4BED9F0011D17E /* PBXTargetDependency */ = {
			isa = PBXTargetDependency;
			target = F2BD0E792B4BED9E0011D17E /* AppleStatusBar */;
			targetProxy = F2BD0E8C2B4BED9F0011D17E /* PBXContainerItemProxy */;
		};
		F2BD0E972B4BED9F0011D17E /* PBXTargetDependency */ = {
			isa = PBXTargetDependency;
			target = F2BD0E792B4BED9E0011D17E /* AppleStatusBar */;
			targetProxy = F2BD0E962B4BED9F0011D17E /* PBXContainerItemProxy */;
		};
/* End PBXTargetDependency section */

/* Begin XCBuildConfiguration section */
		F2BD0E9D2B4BED9F0011D17E /* Debug */ = {
			isa = XCBuildConfiguration;
			buildSettings = {
				ALWAYS_SEARCH_USER_PATHS = NO;
				ASSETCATALOG_COMPILER_GENERATE_SWIFT_ASSET_SYMBOL_EXTENSIONS = YES;
				CLANG_ANALYZER_NONNULL = YES;
				CLANG_ANALYZER_NUMBER_OBJECT_CONVERSION = YES_AGGRESSIVE;
				CLANG_CXX_LANGUAGE_STANDARD = "gnu++20";
				CLANG_ENABLE_MODULES = YES;
				CLANG_ENABLE_OBJC_ARC = YES;
				CLANG_ENABLE_OBJC_WEAK = YES;
				CLANG_WARN_BLOCK_CAPTURE_AUTORELEASING = YES;
				CLANG_WARN_BOOL_CONVERSION = YES;
				CLANG_WARN_COMMA = YES;
				CLANG_WARN_CONSTANT_CONVERSION = YES;
				CLANG_WARN_DEPRECATED_OBJC_IMPLEMENTATIONS = YES;
				CLANG_WARN_DIRECT_OBJC_ISA_USAGE = YES_ERROR;
				CLANG_WARN_DOCUMENTATION_COMMENTS = YES;
				CLANG_WARN_EMPTY_BODY = YES;
				CLANG_WARN_ENUM_CONVERSION = YES;
				CLANG_WARN_INFINITE_RECURSION = YES;
				CLANG_WARN_INT_CONVERSION = YES;
				CLANG_WARN_NON_LITERAL_NULL_CONVERSION = YES;
				CLANG_WARN_OBJC_IMPLICIT_RETAIN_SELF = YES;
				CLANG_WARN_OBJC_LITERAL_CONVERSION = YES;
				CLANG_WARN_OBJC_ROOT_CLASS = YES_ERROR;
				CLANG_WARN_QUOTED_INCLUDE_IN_FRAMEWORK_HEADER = YES;
				CLANG_WARN_RANGE_LOOP_ANALYSIS = YES;
				CLANG_WARN_STRICT_PROTOTYPES = YES;
				CLANG_WARN_SUSPICIOUS_MOVE = YES;
				CLANG_WARN_UNGUARDED_AVAILABILITY = YES_AGGRESSIVE;
				CLANG_WARN_UNREACHABLE_CODE = YES;
				CLANG_WARN__DUPLICATE_METHOD_MATCH = YES;
				COPY_PHASE_STRIP = NO;
				DEBUG_INFORMATION_FORMAT = dwarf;
				ENABLE_STRICT_OBJC_MSGSEND = YES;
				ENABLE_TESTABILITY = YES;
				ENABLE_USER_SCRIPT_SANDBOXING = YES;
				GCC_C_LANGUAGE_STANDARD = gnu17;
				GCC_DYNAMIC_NO_PIC = NO;
				GCC_NO_COMMON_BLOCKS = YES;
				GCC_OPTIMIZATION_LEVEL = 0;
				GCC_PREPROCESSOR_DEFINITIONS = (
					"DEBUG=1",
					"$(inherited)",
				);
				GCC_WARN_64_TO_32_BIT_CONVERSION = YES;
				GCC_WARN_ABOUT_RETURN_TYPE = YES_ERROR;
				GCC_WARN_UNDECLARED_SELECTOR = YES;
				GCC_WARN_UNINITIALIZED_AUTOS = YES_AGGRESSIVE;
				GCC_WARN_UNUSED_FUNCTION = YES;
				GCC_WARN_UNUSED_VARIABLE = YES;
				LOCALIZATION_PREFERS_STRING_CATALOGS = YES;
				MACOSX_DEPLOYMENT_TARGET = 14.2;
				MTL_ENABLE_DEBUG_INFO = INCLUDE_SOURCE;
				MTL_FAST_MATH = YES;
				ONLY_ACTIVE_ARCH = YES;
				SDKROOT = macosx;
				SWIFT_ACTIVE_COMPILATION_CONDITIONS = "DEBUG $(inherited)";
				SWIFT_OPTIMIZATION_LEVEL = "-Onone";
			};
			name = Debug;
		};
		F2BD0E9E2B4BED9F0011D17E /* Release */ = {
			isa = XCBuildConfiguration;
			buildSettings = {
				ALWAYS_SEARCH_USER_PATHS = NO;
				ASSETCATALOG_COMPILER_GENERATE_SWIFT_ASSET_SYMBOL_EXTENSIONS = YES;
				CLANG_ANALYZER_NONNULL = YES;
				CLANG_ANALYZER_NUMBER_OBJECT_CONVERSION = YES_AGGRESSIVE;
				CLANG_CXX_LANGUAGE_STANDARD = "gnu++20";
				CLANG_ENABLE_MODULES = YES;
				CLANG_ENABLE_OBJC_ARC = YES;
				CLANG_ENABLE_OBJC_WEAK = YES;
				CLANG_WARN_BLOCK_CAPTURE_AUTORELEASING = YES;
				CLANG_WARN_BOOL_CONVERSION = YES;
				CLANG_WARN_COMMA = YES;
				CLANG_WARN_CONSTANT_CONVERSION = YES;
				CLANG_WARN_DEPRECATED_OBJC_IMPLEMENTATIONS = YES;
				CLANG_WARN_DIRECT_OBJC_ISA_USAGE = YES_ERROR;
				CLANG_WARN_DOCUMENTATION_COMMENTS = YES;
				CLANG_WARN_EMPTY_BODY = YES;
				CLANG_WARN_ENUM_CONVERSION = YES;
				CLANG_WARN_INFINITE_RECURSION = YES;
				CLANG_WARN_INT_CONVERSION = YES;
				CLANG_WARN_NON_LITERAL_NULL_CONVERSION = YES;
				CLANG_WARN_OBJC_IMPLICIT_RETAIN_SELF = YES;
				CLANG_WARN_OBJC_LITERAL_CONVERSION = YES;
				CLANG_WARN_OBJC_ROOT_CLASS = YES_ERROR;
				CLANG_WARN_QUOTED_INCLUDE_IN_FRAMEWORK_HEADER = YES;
				CLANG_WARN_RANGE_LOOP_ANALYSIS = YES;
				CLANG_WARN_STRICT_PROTOTYPES = YES;
				CLANG_WARN_SUSPICIOUS_MOVE = YES;
				CLANG_WARN_UNGUARDED_AVAILABILITY = YES_AGGRESSIVE;
				CLANG_WARN_UNREACHABLE_CODE = YES;
				CLANG_WARN__DUPLICATE_METHOD_MATCH = YES;
				COPY_PHASE_STRIP = NO;
				DEBUG_INFORMATION_FORMAT = "dwarf-with-dsym";
				ENABLE_NS_ASSERTIONS = NO;
				ENABLE_STRICT_OBJC_MSGSEND = YES;
				ENABLE_USER_SCRIPT_SANDBOXING = YES;
				GCC_C_LANGUAGE_STANDARD = gnu17;
				GCC_NO_COMMON_BLOCKS = YES;
				GCC_WARN_64_TO_32_BIT_CONVERSION = YES;
				GCC_WARN_ABOUT_RETURN_TYPE = YES_ERROR;
				GCC_WARN_UNDECLARED_SELECTOR = YES;
				GCC_WARN_UNINITIALIZED_AUTOS = YES_AGGRESSIVE;
				GCC_WARN_UNUSED_FUNCTION = YES;
				GCC_WARN_UNUSED_VARIABLE = YES;
				LOCALIZATION_PREFERS_STRING_CATALOGS = YES;
				MACOSX_DEPLOYMENT_TARGET = 14.2;
				MTL_ENABLE_DEBUG_INFO = NO;
				MTL_FAST_MATH = YES;
				SDKROOT = macosx;
				SWIFT_COMPILATION_MODE = wholemodule;
			};
			name = Release;
		};
		F2BD0EA02B4BED9F0011D17E /* Debug */ = {
			isa = XCBuildConfiguration;
			buildSettings = {
				ASSETCATALOG_COMPILER_APPICON_NAME = AppIcon;
				ASSETCATALOG_COMPILER_GLOBAL_ACCENT_COLOR_NAME = AccentColor;
				CODE_SIGN_ENTITLEMENTS = AppleStatusBar/AppleStatusBar.entitlements;
				CODE_SIGN_STYLE = Automatic;
				COMBINE_HIDPI_IMAGES = YES;
				CURRENT_PROJECT_VERSION = 1;
				DEVELOPMENT_ASSET_PATHS = "\"AppleStatusBar/Preview Content\"";
				DEVELOPMENT_TEAM = LVBMDY357W;
				ENABLE_HARDENED_RUNTIME = YES;
				ENABLE_PREVIEWS = YES;
				GENERATE_INFOPLIST_FILE = YES;
				INFOPLIST_KEY_NSHumanReadableCopyright = "";
				LD_RUNPATH_SEARCH_PATHS = (
					"$(inherited)",
					"@executable_path/../Frameworks",
				);
				MARKETING_VERSION = 1.0;
				PRODUCT_BUNDLE_IDENTIFIER = com.KKodiac.AppleStatusBar;
				PRODUCT_NAME = "$(TARGET_NAME)";
				SWIFT_EMIT_LOC_STRINGS = YES;
				SWIFT_VERSION = 5.0;
			};
			name = Debug;
		};
		F2BD0EA12B4BED9F0011D17E /* Release */ = {
			isa = XCBuildConfiguration;
			buildSettings = {
				ASSETCATALOG_COMPILER_APPICON_NAME = AppIcon;
				ASSETCATALOG_COMPILER_GLOBAL_ACCENT_COLOR_NAME = AccentColor;
				CODE_SIGN_ENTITLEMENTS = AppleStatusBar/AppleStatusBar.entitlements;
				CODE_SIGN_STYLE = Automatic;
				COMBINE_HIDPI_IMAGES = YES;
				CURRENT_PROJECT_VERSION = 1;
				DEVELOPMENT_ASSET_PATHS = "\"AppleStatusBar/Preview Content\"";
				DEVELOPMENT_TEAM = LVBMDY357W;
				ENABLE_HARDENED_RUNTIME = YES;
				ENABLE_PREVIEWS = YES;
				GENERATE_INFOPLIST_FILE = YES;
				INFOPLIST_KEY_NSHumanReadableCopyright = "";
				LD_RUNPATH_SEARCH_PATHS = (
					"$(inherited)",
					"@executable_path/../Frameworks",
				);
				MARKETING_VERSION = 1.0;
				PRODUCT_BUNDLE_IDENTIFIER = com.KKodiac.AppleStatusBar;
				PRODUCT_NAME = "$(TARGET_NAME)";
				SWIFT_EMIT_LOC_STRINGS = YES;
				SWIFT_VERSION = 5.0;
			};
			name = Release;
		};
		F2BD0EA32B4BED9F0011D17E /* Debug */ = {
			isa = XCBuildConfiguration;
			buildSettings = {
				ALWAYS_EMBED_SWIFT_STANDARD_LIBRARIES = YES;
				BUNDLE_LOADER = "$(TEST_HOST)";
				CODE_SIGN_STYLE = Automatic;
				CURRENT_PROJECT_VERSION = 1;
				DEVELOPMENT_TEAM = LVBMDY357W;
				GENERATE_INFOPLIST_FILE = YES;
				MACOSX_DEPLOYMENT_TARGET = 14.2;
				MARKETING_VERSION = 1.0;
				PRODUCT_BUNDLE_IDENTIFIER = com.KKodiac.AppleStatusBarTests;
				PRODUCT_NAME = "$(TARGET_NAME)";
				SWIFT_EMIT_LOC_STRINGS = NO;
				SWIFT_VERSION = 5.0;
				TEST_HOST = "$(BUILT_PRODUCTS_DIR)/AppleStatusBar.app/$(BUNDLE_EXECUTABLE_FOLDER_PATH)/AppleStatusBar";
			};
			name = Debug;
		};
		F2BD0EA42B4BED9F0011D17E /* Release */ = {
			isa = XCBuildConfiguration;
			buildSettings = {
				ALWAYS_EMBED_SWIFT_STANDARD_LIBRARIES = YES;
				BUNDLE_LOADER = "$(TEST_HOST)";
				CODE_SIGN_STYLE = Automatic;
				CURRENT_PROJECT_VERSION = 1;
				DEVELOPMENT_TEAM = LVBMDY357W;
				GENERATE_INFOPLIST_FILE = YES;
				MACOSX_DEPLOYMENT_TARGET = 14.2;
				MARKETING_VERSION = 1.0;
				PRODUCT_BUNDLE_IDENTIFIER = com.KKodiac.AppleStatusBarTests;
				PRODUCT_NAME = "$(TARGET_NAME)";
				SWIFT_EMIT_LOC_STRINGS = NO;
				SWIFT_VERSION = 5.0;
				TEST_HOST = "$(BUILT_PRODUCTS_DIR)/AppleStatusBar.app/$(BUNDLE_EXECUTABLE_FOLDER_PATH)/AppleStatusBar";
			};
			name = Release;
		};
		F2BD0EA62B4BED9F0011D17E /* Debug */ = {
			isa = XCBuildConfiguration;
			buildSettings = {
				ALWAYS_EMBED_SWIFT_STANDARD_LIBRARIES = YES;
				CODE_SIGN_STYLE = Automatic;
				CURRENT_PROJECT_VERSION = 1;
				DEVELOPMENT_TEAM = LVBMDY357W;
				GENERATE_INFOPLIST_FILE = YES;
				MARKETING_VERSION = 1.0;
				PRODUCT_BUNDLE_IDENTIFIER = com.KKodiac.AppleStatusBarUITests;
				PRODUCT_NAME = "$(TARGET_NAME)";
				SWIFT_EMIT_LOC_STRINGS = NO;
				SWIFT_VERSION = 5.0;
				TEST_TARGET_NAME = AppleStatusBar;
			};
			name = Debug;
		};
		F2BD0EA72B4BED9F0011D17E /* Release */ = {
			isa = XCBuildConfiguration;
			buildSettings = {
				ALWAYS_EMBED_SWIFT_STANDARD_LIBRARIES = YES;
				CODE_SIGN_STYLE = Automatic;
				CURRENT_PROJECT_VERSION = 1;
				DEVELOPMENT_TEAM = LVBMDY357W;
				GENERATE_INFOPLIST_FILE = YES;
				MARKETING_VERSION = 1.0;
				PRODUCT_BUNDLE_IDENTIFIER = com.KKodiac.AppleStatusBarUITests;
				PRODUCT_NAME = "$(TARGET_NAME)";
				SWIFT_EMIT_LOC_STRINGS = NO;
				SWIFT_VERSION = 5.0;
				TEST_TARGET_NAME = AppleStatusBar;
			};
			name = Release;
		};
/* End XCBuildConfiguration section */

/* Begin XCConfigurationList section */
		F2BD0E752B4BED9E0011D17E /* Build configuration list for PBXProject "AppleStatusBar" */ = {
			isa = XCConfigurationList;
			buildConfigurations = (
				F2BD0E9D2B4BED9F0011D17E /* Debug */,
				F2BD0E9E2B4BED9F0011D17E /* Release */,
			);
			defaultConfigurationIsVisible = 0;
			defaultConfigurationName = Release;
		};
		F2BD0E9F2B4BED9F0011D17E /* Build configuration list for PBXNativeTarget "AppleStatusBar" */ = {
			isa = XCConfigurationList;
			buildConfigurations = (
				F2BD0EA02B4BED9F0011D17E /* Debug */,
				F2BD0EA12B4BED9F0011D17E /* Release */,
			);
			defaultConfigurationIsVisible = 0;
			defaultConfigurationName = Release;
		};
		F2BD0EA22B4BED9F0011D17E /* Build configuration list for PBXNativeTarget "AppleStatusBarTests" */ = {
			isa = XCConfigurationList;
			buildConfigurations = (
				F2BD0EA32B4BED9F0011D17E /* Debug */,
				F2BD0EA42B4BED9F0011D17E /* Release */,
			);
			defaultConfigurationIsVisible = 0;
			defaultConfigurationName = Release;
		};
		F2BD0EA52B4BED9F0011D17E /* Build configuration list for PBXNativeTarget "AppleStatusBarUITests" */ = {
			isa = XCConfigurationList;
			buildConfigurations = (
				F2BD0EA62B4BED9F0011D17E /* Debug */,
				F2BD0EA72B4BED9F0011D17E /* Release */,
			);
			defaultConfigurationIsVisible = 0;
			defaultConfigurationName = Release;
		};
/* End XCConfigurationList section */
	};
	rootObject = F2BD0E722B4BED9E0011D17E /* Project object */;
}
